
Microsoft Visual Studio Solution File, Format Version 12.00
# Visual Studio 15
VisualStudioVersion = 15.0.28307.271
MinimumVisualStudioVersion = 10.0.40219.1
Project("{8BC9CEB8-8B4A-11D0-8D11-00A0C91BC942}") = "task3.c", "task3.c\task3.c.vcxproj", "{78101149-BDF9-44C6-94B9-764E341C8FBC}"
EndProject
Global
	GlobalSection(SolutionConfigurationPlatforms) = preSolution
		Debug|x64 = Debug|x64
		Debug|x86 = Debug|x86
		Release|x64 = Release|x64
		Release|x86 = Release|x86
	EndGlobalSection
	GlobalSection(ProjectConfigurationPlatforms) = postSolution
		{78101149-BDF9-44C6-94B9-764E341C8FBC}.Debug|x64.ActiveCfg = Debug|x64
		{78101149-BDF9-44C6-94B9-764E341C8FBC}.Debug|x64.Build.0 = Debug|x64
		{78101149-BDF9-44C6-94B9-764E341C8FBC}.Debug|x86.ActiveCfg = Debug|Win32
		{78101149-BDF9-44C6-94B9-764E341C8FBC}.Debug|x86.Build.0 = Debug|Win32
		{78101149-BDF9-44C6-94B9-764E341C8FBC}.Release|x64.ActiveCfg = Release|x64
		{78101149-BDF9-44C6-94B9-764E341C8FBC}.Release|x64.Build.0 = Release|x64
		{78101149-BDF9-44C6-94B9-764E341C8FBC}.Release|x86.ActiveCfg = Release|Win32
		{78101149-BDF9-44C6-94B9-764E341C8FBC}.Release|x86.Build.0 = Release|Win32
	EndGlobalSection
	GlobalSection(SolutionProperties) = preSolution
		HideSolutionNode = FALSE
	EndGlobalSection
	GlobalSection(ExtensibilityGlobals) = postSolution
		SolutionGuid = {C3BD2787-05EC-421B-9E4D-D94B6A8965EF}
	EndGlobalSection
EndGlobal
